
Microsoft Visual Studio Solution File, Format Version 12.00
# Visual Studio Version 17
VisualStudioVersion = 17.0.32112.339
MinimumVisualStudioVersion = 10.0.40219.1
Project("{2150E333-8FDC-42A3-9474-1A3956D46DE8}") = "other", "other", "{20E4C6EF-B9FA-4F9A-BD3D-C5B3F78ED279}"
	ProjectSection(SolutionItems) = preProject
		..\Astrolabe.nuspec = ..\Astrolabe.nuspec
		..\README.md = ..\README.md
	EndProjectSection
EndProject
Project("{FAE04EC0-301F-11D3-BF4B-00C04F79EFBC}") = "Astrolabe.UWP", "Astrolabe.UWP\Astrolabe.UWP.csproj", "{8AC3A7EB-BEC8-4CF9-B874-025098CD4B08}"
EndProject
Project("{9A19103F-16F7-4668-BE54-9A1E7A4F7556}") = "Astrolabe.Core", "Astrolabe.Core\Astrolabe.Core.csproj", "{CF3CCC1A-B0EE-44A2-8871-ADB294BDEA77}"
EndProject
Project("{FAE04EC0-301F-11D3-BF4B-00C04F79EFBC}") = "Astrolabe.AppSDK", "Astrolabe.AppSDK\Astrolabe.AppSDK.csproj", "{38E93EDE-69F2-4FEA-9063-8CFAC568A395}"
EndProject
Project("{FAE04EC0-301F-11D3-BF4B-00C04F79EFBC}") = "Test", "Test\Test.csproj", "{C0D69D1D-F7FC-4D1E-B24E-98457E3DAD07}"
EndProject
Global
	GlobalSection(SolutionConfigurationPlatforms) = preSolution
		Debug|Any CPU = Debug|Any CPU
		Debug|ARM = Debug|ARM
		Debug|ARM64 = Debug|ARM64
		Debug|x64 = Debug|x64
		Debug|x86 = Debug|x86
		Release|Any CPU = Release|Any CPU
		Release|ARM = Release|ARM
		Release|ARM64 = Release|ARM64
		Release|x64 = Release|x64
		Release|x86 = Release|x86
	EndGlobalSection
	GlobalSection(ProjectConfigurationPlatforms) = postSolution
		{8AC3A7EB-BEC8-4CF9-B874-025098CD4B08}.Debug|Any CPU.ActiveCfg = Debug|Any CPU
		{8AC3A7EB-BEC8-4CF9-B874-025098CD4B08}.Debug|Any CPU.Build.0 = Debug|Any CPU
		{8AC3A7EB-BEC8-4CF9-B874-025098CD4B08}.Debug|ARM.ActiveCfg = Debug|ARM
		{8AC3A7EB-BEC8-4CF9-B874-025098CD4B08}.Debug|ARM.Build.0 = Debug|ARM
		{8AC3A7EB-BEC8-4CF9-B874-025098CD4B08}.Debug|ARM64.ActiveCfg = Debug|ARM64
		{8AC3A7EB-BEC8-4CF9-B874-025098CD4B08}.Debug|ARM64.Build.0 = Debug|ARM64
		{8AC3A7EB-BEC8-4CF9-B874-025098CD4B08}.Debug|x64.ActiveCfg = Debug|x64
		{8AC3A7EB-BEC8-4CF9-B874-025098CD4B08}.Debug|x64.Build.0 = Debug|x64
		{8AC3A7EB-BEC8-4CF9-B874-025098CD4B08}.Debug|x86.ActiveCfg = Debug|x86
		{8AC3A7EB-BEC8-4CF9-B874-025098CD4B08}.Debug|x86.Build.0 = Debug|x86
		{8AC3A7EB-BEC8-4CF9-B874-025098CD4B08}.Release|Any CPU.ActiveCfg = Release|Any CPU
		{8AC3A7EB-BEC8-4CF9-B874-025098CD4B08}.Release|Any CPU.Build.0 = Release|Any CPU
		{8AC3A7EB-BEC8-4CF9-B874-025098CD4B08}.Release|ARM.ActiveCfg = Release|ARM
		{8AC3A7EB-BEC8-4CF9-B874-025098CD4B08}.Release|ARM.Build.0 = Release|ARM
		{8AC3A7EB-BEC8-4CF9-B874-025098CD4B08}.Release|ARM64.ActiveCfg = Release|ARM64
		{8AC3A7EB-BEC8-4CF9-B874-025098CD4B08}.Release|ARM64.Build.0 = Release|ARM64
		{8AC3A7EB-BEC8-4CF9-B874-025098CD4B08}.Release|x64.ActiveCfg = Release|x64
		{8AC3A7EB-BEC8-4CF9-B874-025098CD4B08}.Release|x64.Build.0 = Release|x64
		{8AC3A7EB-BEC8-4CF9-B874-025098CD4B08}.Release|x86.ActiveCfg = Release|x86
		{8AC3A7EB-BEC8-4CF9-B874-025098CD4B08}.Release|x86.Build.0 = Release|x86
		{CF3CCC1A-B0EE-44A2-8871-ADB294BDEA77}.Debug|Any CPU.ActiveCfg = Debug|Any CPU
		{CF3CCC1A-B0EE-44A2-8871-ADB294BDEA77}.Debug|Any CPU.Build.0 = Debug|Any CPU
		{CF3CCC1A-B0EE-44A2-8871-ADB294BDEA77}.Debug|ARM.ActiveCfg = Debug|Any CPU
		{CF3CCC1A-B0EE-44A2-8871-ADB294BDEA77}.Debug|ARM.Build.0 = Debug|Any CPU
		{CF3CCC1A-B0EE-44A2-8871-ADB294BDEA77}.Debug|ARM64.ActiveCfg = Debug|Any CPU
		{CF3CCC1A-B0EE-44A2-8871-ADB294BDEA77}.Debug|ARM64.Build.0 = Debug|Any CPU
		{CF3CCC1A-B0EE-44A2-8871-ADB294BDEA77}.Debug|x64.ActiveCfg = Debug|Any CPU
		{CF3CCC1A-B0EE-44A2-8871-ADB294BDEA77}.Debug|x64.Build.0 = Debug|Any CPU
		{CF3CCC1A-B0EE-44A2-8871-ADB294BDEA77}.Debug|x86.ActiveCfg = Debug|Any CPU
		{CF3CCC1A-B0EE-44A2-8871-ADB294BDEA77}.Debug|x86.Build.0 = Debug|Any CPU
		{CF3CCC1A-B0EE-44A2-8871-ADB294BDEA77}.Release|Any CPU.ActiveCfg = Release|Any CPU
		{CF3CCC1A-B0EE-44A2-8871-ADB294BDEA77}.Release|Any CPU.Build.0 = Release|Any CPU
		{CF3CCC1A-B0EE-44A2-8871-ADB294BDEA77}.Release|ARM.ActiveCfg = Release|Any CPU
		{CF3CCC1A-B0EE-44A2-8871-ADB294BDEA77}.Release|ARM.Build.0 = Release|Any CPU
		{CF3CCC1A-B0EE-44A2-8871-ADB294BDEA77}.Release|ARM64.ActiveCfg = Release|Any CPU
		{CF3CCC1A-B0EE-44A2-8871-ADB294BDEA77}.Release|ARM64.Build.0 = Release|Any CPU
		{CF3CCC1A-B0EE-44A2-8871-ADB294BDEA77}.Release|x64.ActiveCfg = Release|Any CPU
		{CF3CCC1A-B0EE-44A2-8871-ADB294BDEA77}.Release|x64.Build.0 = Release|Any CPU
		{CF3CCC1A-B0EE-44A2-8871-ADB294BDEA77}.Release|x86.ActiveCfg = Release|Any CPU
		{CF3CCC1A-B0EE-44A2-8871-ADB294BDEA77}.Release|x86.Build.0 = Release|Any CPU
		{38E93EDE-69F2-4FEA-9063-8CFAC568A395}.Debug|Any CPU.ActiveCfg = Debug|Any CPU
		{38E93EDE-69F2-4FEA-9063-8CFAC568A395}.Debug|Any CPU.Build.0 = Debug|Any CPU
		{38E93EDE-69F2-4FEA-9063-8CFAC568A395}.Debug|ARM.ActiveCfg = Debug|Any CPU
		{38E93EDE-69F2-4FEA-9063-8CFAC568A395}.Debug|ARM.Build.0 = Debug|Any CPU
		{38E93EDE-69F2-4FEA-9063-8CFAC568A395}.Debug|ARM64.ActiveCfg = Debug|Any CPU
		{38E93EDE-69F2-4FEA-9063-8CFAC568A395}.Debug|ARM64.Build.0 = Debug|Any CPU
		{38E93EDE-69F2-4FEA-9063-8CFAC568A395}.Debug|x64.ActiveCfg = Debug|Any CPU
		{38E93EDE-69F2-4FEA-9063-8CFAC568A395}.Debug|x64.Build.0 = Debug|Any CPU
		{38E93EDE-69F2-4FEA-9063-8CFAC568A395}.Debug|x86.ActiveCfg = Debug|Any CPU
		{38E93EDE-69F2-4FEA-9063-8CFAC568A395}.Debug|x86.Build.0 = Debug|Any CPU
		{38E93EDE-69F2-4FEA-9063-8CFAC568A395}.Release|Any CPU.ActiveCfg = Release|Any CPU
		{38E93EDE-69F2-4FEA-9063-8CFAC568A395}.Release|Any CPU.Build.0 = Release|Any CPU
		{38E93EDE-69F2-4FEA-9063-8CFAC568A395}.Release|ARM.ActiveCfg = Release|Any CPU
		{38E93EDE-69F2-4FEA-9063-8CFAC568A395}.Release|ARM.Build.0 = Release|Any CPU
		{38E93EDE-69F2-4FEA-9063-8CFAC568A395}.Release|ARM64.ActiveCfg = Release|Any CPU
		{38E93EDE-69F2-4FEA-9063-8CFAC568A395}.Release|ARM64.Build.0 = Release|Any CPU
		{38E93EDE-69F2-4FEA-9063-8CFAC568A395}.Release|x64.ActiveCfg = Release|Any CPU
		{38E93EDE-69F2-4FEA-9063-8CFAC568A395}.Release|x64.Build.0 = Release|Any CPU
		{38E93EDE-69F2-4FEA-9063-8CFAC568A395}.Release|x86.ActiveCfg = Release|Any CPU
		{38E93EDE-69F2-4FEA-9063-8CFAC568A395}.Release|x86.Build.0 = Release|Any CPU
		{C0D69D1D-F7FC-4D1E-B24E-98457E3DAD07}.Debug|Any CPU.ActiveCfg = Debug|x64
		{C0D69D1D-F7FC-4D1E-B24E-98457E3DAD07}.Debug|Any CPU.Build.0 = Debug|x64
		{C0D69D1D-F7FC-4D1E-B24E-98457E3DAD07}.Debug|Any CPU.Deploy.0 = Debug|x64
		{C0D69D1D-F7FC-4D1E-B24E-98457E3DAD07}.Debug|ARM.ActiveCfg = Debug|x64
		{C0D69D1D-F7FC-4D1E-B24E-98457E3DAD07}.Debug|ARM.Build.0 = Debug|x64
		{C0D69D1D-F7FC-4D1E-B24E-98457E3DAD07}.Debug|ARM.Deploy.0 = Debug|x64
		{C0D69D1D-F7FC-4D1E-B24E-98457E3DAD07}.Debug|ARM64.ActiveCfg = Debug|arm64
		{C0D69D1D-F7FC-4D1E-B24E-98457E3DAD07}.Debug|ARM64.Build.0 = Debug|arm64
		{C0D69D1D-F7FC-4D1E-B24E-98457E3DAD07}.Debug|ARM64.Deploy.0 = Debug|arm64
		{C0D69D1D-F7FC-4D1E-B24E-98457E3DAD07}.Debug|x64.ActiveCfg = Debug|x64
		{C0D69D1D-F7FC-4D1E-B24E-98457E3DAD07}.Debug|x64.Build.0 = Debug|x64
		{C0D69D1D-F7FC-4D1E-B24E-98457E3DAD07}.Debug|x64.Deploy.0 = Debug|x64
		{C0D69D1D-F7FC-4D1E-B24E-98457E3DAD07}.Debug|x86.ActiveCfg = Debug|x86
		{C0D69D1D-F7FC-4D1E-B24E-98457E3DAD07}.Debug|x86.Build.0 = Debug|x86
		{C0D69D1D-F7FC-4D1E-B24E-98457E3DAD07}.Debug|x86.Deploy.0 = Debug|x86
		{C0D69D1D-F7FC-4D1E-B24E-98457E3DAD07}.Release|Any CPU.ActiveCfg = Release|x64
		{C0D69D1D-F7FC-4D1E-B24E-98457E3DAD07}.Release|Any CPU.Build.0 = Release|x64
		{C0D69D1D-F7FC-4D1E-B24E-98457E3DAD07}.Release|Any CPU.Deploy.0 = Release|x64
		{C0D69D1D-F7FC-4D1E-B24E-98457E3DAD07}.Release|ARM.ActiveCfg = Release|x64
		{C0D69D1D-F7FC-4D1E-B24E-98457E3DAD07}.Release|ARM.Build.0 = Release|x64
		{C0D69D1D-F7FC-4D1E-B24E-98457E3DAD07}.Release|ARM.Deploy.0 = Release|x64
		{C0D69D1D-F7FC-4D1E-B24E-98457E3DAD07}.Release|ARM64.ActiveCfg = Release|arm64
		{C0D69D1D-F7FC-4D1E-B24E-98457E3DAD07}.Release|ARM64.Build.0 = Release|arm64
		{C0D69D1D-F7FC-4D1E-B24E-98457E3DAD07}.Release|ARM64.Deploy.0 = Release|arm64
		{C0D69D1D-F7FC-4D1E-B24E-98457E3DAD07}.Release|x64.ActiveCfg = Release|x64
		{C0D69D1D-F7FC-4D1E-B24E-98457E3DAD07}.Release|x64.Build.0 = Release|x64
		{C0D69D1D-F7FC-4D1E-B24E-98457E3DAD07}.Release|x64.Deploy.0 = Release|x64
		{C0D69D1D-F7FC-4D1E-B24E-98457E3DAD07}.Release|x86.ActiveCfg = Release|x86
		{C0D69D1D-F7FC-4D1E-B24E-98457E3DAD07}.Release|x86.Build.0 = Release|x86
		{C0D69D1D-F7FC-4D1E-B24E-98457E3DAD07}.Release|x86.Deploy.0 = Release|x86
	EndGlobalSection
	GlobalSection(SolutionProperties) = preSolution
		HideSolutionNode = FALSE
	EndGlobalSection
	GlobalSection(ExtensibilityGlobals) = postSolution
		SolutionGuid = {B9481D5A-AE73-47E6-9ADC-F41FB81B6ACC}
	EndGlobalSection
EndGlobal
